// !$*UTF8*$!
{
	archiveVersion = 1;
	classes = {
	};
	objectVersion = 77;
	objects = {

/* Begin PBXContainerItemProxy section */
		E0F61DCD2DED96C7000DD0EC /* PBXContainerItemProxy */ = {
			isa = PBXContainerItemProxy;
			containerPortal = E0F61DB52DED96C6000DD0EC /* Project object */;
			proxyType = 1;
			remoteGlobalIDString = E0F61DBC2DED96C6000DD0EC;
			remoteInfo = Collect;
		};
		E0F61DD72DED96C7000DD0EC /* PBXContainerItemProxy */ = {
			isa = PBXContainerItemProxy;
			containerPortal = E0F61DB52DED96C6000DD0EC /* Project object */;
			proxyType = 1;
			remoteGlobalIDString = E0F61DBC2DED96C6000DD0EC;
			remoteInfo = Collect;
		};
/* End PBXContainerItemProxy section */

/* Begin PBXFileReference section */
		E0F61DBD2DED96C6000DD0EC /* Collect.app */ = {isa = PBXFileReference; explicitFileType = wrapper.application; includeInIndex = 0; path = Collect.app; sourceTree = BUILT_PRODUCTS_DIR; };
		E0F61DCC2DED96C7000DD0EC /* CollectTests.xctest */ = {isa = PBXFileReference; explicitFileType = wrapper.cfbundle; includeInIndex = 0; path = CollectTests.xctest; sourceTree = BUILT_PRODUCTS_DIR; };
		E0F61DD62DED96C7000DD0EC /* CollectUITests.xctest */ = {isa = PBXFileReference; explicitFileType = wrapper.cfbundle; includeInIndex = 0; path = CollectUITests.xctest; sourceTree = BUILT_PRODUCTS_DIR; };
/* End PBXFileReference section */

/* Begin PBXFileSystemSynchronizedBuildFileExceptionSet section */
		E0E14C1E2DF0734E00E3C2A1 /* Exceptions for "Collect" folder in "Collect" target */ = {
			isa = PBXFileSystemSynchronizedBuildFileExceptionSet;
			membershipExceptions = (
				Info.plist,
			);
			target = E0F61DBC2DED96C6000DD0EC /* Collect */;
		};
/* End PBXFileSystemSynchronizedBuildFileExceptionSet section */

/* Begin PBXFileSystemSynchronizedRootGroup section */
		E0F61DBF2DED96C6000DD0EC /* Collect */ = {
			isa = PBXFileSystemSynchronizedRootGroup;
			exceptions = (
				E0E14C1E2DF0734E00E3C2A1 /* Exceptions for "Collect" folder in "Collect" target */,
			);
			path = Collect;
			sourceTree = "<group>";
		};
		E0F61DCF2DED96C7000DD0EC /* CollectTests */ = {
			isa = PBXFileSystemSynchronizedRootGroup;
			path = CollectTests;
			sourceTree = "<group>";
		};
		E0F61DD92DED96C7000DD0EC /* CollectUITests */ = {
			isa = PBXFileSystemSynchronizedRootGroup;
			path = CollectUITests;
			sourceTree = "<group>";
		};
/* End PBXFileSystemSynchronizedRootGroup section */

/* Begin PBXFrameworksBuildPhase section */
		E0F61DBA2DED96C6000DD0EC /* Frameworks */ = {
			isa = PBXFrameworksBuildPhase;
			buildActionMask = 2147483647;
			files = (
			);
			runOnlyForDeploymentPostprocessing = 0;
		};
		E0F61DC92DED96C7000DD0EC /* Frameworks */ = {
			isa = PBXFrameworksBuildPhase;
			buildActionMask = 2147483647;
			files = (
			);
			runOnlyForDeploymentPostprocessing = 0;
		};
		E0F61DD32DED96C7000DD0EC /* Frameworks */ = {
			isa = PBXFrameworksBuildPhase;
			buildActionMask = 2147483647;
			files = (
			);
			runOnlyForDeploymentPostprocessing = 0;
		};
/* End PBXFrameworksBuildPhase section */

/* Begin PBXGroup section */
		E0F61DB42DED96C6000DD0EC = {
			isa = PBXGroup;
			children = (
				E0F61DBF2DED96C6000DD0EC /* Collect */,
				E0F61DCF2DED96C7000DD0EC /* CollectTests */,
				E0F61DD92DED96C7000DD0EC /* CollectUITests */,
				E0F61DBE2DED96C6000DD0EC /* Products */,
			);
			sourceTree = "<group>";
		};
		E0F61DBE2DED96C6000DD0EC /* Products */ = {
			isa = PBXGroup;
			children = (
				E0F61DBD2DED96C6000DD0EC /* Collect.app */,
				E0F61DCC2DED96C7000DD0EC /* CollectTests.xctest */,
				E0F61DD62DED96C7000DD0EC /* CollectUITests.xctest */,
			);
			name = Products;
			sourceTree = "<group>";
		};
/* End PBXGroup section */

/* Begin PBXNativeTarget section */
		E0F61DBC2DED96C6000DD0EC /* Collect */ = {
			isa = PBXNativeTarget;
			buildConfigurationList = E0F61DE02DED96C7000DD0EC /* Build configuration list for PBXNativeTarget "Collect" */;
			buildPhases = (
				E0F61DB92DED96C6000DD0EC /* Sources */,
				E0F61DBA2DED96C6000DD0EC /* Frameworks */,
				E0F61DBB2DED96C6000DD0EC /* Resources */,
			);
			buildRules = (
			);
			dependencies = (
			);
			fileSystemSynchronizedGroups = (
				E0F61DBF2DED96C6000DD0EC /* Collect */,
			);
			name = Collect;
			packageProductDependencies = (
			);
			productName = Collect;
			productReference = E0F61DBD2DED96C6000DD0EC /* Collect.app */;
			productType = "com.apple.product-type.application";
		};
		E0F61DCB2DED96C7000DD0EC /* CollectTests */ = {
			isa = PBXNativeTarget;
			buildConfigurationList = E0F61DE32DED96C7000DD0EC /* Build configuration list for PBXNativeTarget "CollectTests" */;
			buildPhases = (
				E0F61DC82DED96C7000DD0EC /* Sources */,
				E0F61DC92DED96C7000DD0EC /* Frameworks */,
				E0F61DCA2DED96C7000DD0EC /* Resources */,
			);
			buildRules = (
			);
			dependencies = (
				E0F61DCE2DED96C7000DD0EC /* PBXTargetDependency */,
			);
			fileSystemSynchronizedGroups = (
				E0F61DCF2DED96C7000DD0EC /* CollectTests */,
			);
			name = CollectTests;
			packageProductDependencies = (
			);
			productName = CollectTests;
			productReference = E0F61DCC2DED96C7000DD0EC /* CollectTests.xctest */;
			productType = "com.apple.product-type.bundle.unit-test";
		};
		E0F61DD52DED96C7000DD0EC /* CollectUITests */ = {
			isa = PBXNativeTarget;
			buildConfigurationList = E0F61DE62DED96C7000DD0EC /* Build configuration list for PBXNativeTarget "CollectUITests" */;
			buildPhases = (
				E0F61DD22DED96C7000DD0EC /* Sources */,
				E0F61DD32DED96C7000DD0EC /* Frameworks */,
				E0F61DD42DED96C7000DD0EC /* Resources */,
			);
			buildRules = (
			);
			dependencies = (
				E0F61DD82DED96C7000DD0EC /* PBXTargetDependency */,
			);
			fileSystemSynchronizedGroups = (
				E0F61DD92DED96C7000DD0EC /* CollectUITests */,
			);
			name = CollectUITests;
			packageProductDependencies = (
			);
			productName = CollectUITests;
			productReference = E0F61DD62DED96C7000DD0EC /* CollectUITests.xctest */;
			productType = "com.apple.product-type.bundle.ui-testing";
		};
/* End PBXNativeTarget section */

/* Begin PBXProject section */
		E0F61DB52DED96C6000DD0EC /* Project object */ = {
			isa = PBXProject;
			attributes = {
				BuildIndependentTargetsInParallel = 1;
				LastSwiftUpdateCheck = 1640;
				LastUpgradeCheck = 1640;
				TargetAttributes = {
					E0F61DBC2DED96C6000DD0EC = {
						CreatedOnToolsVersion = 16.4;
					};
					E0F61DCB2DED96C7000DD0EC = {
						CreatedOnToolsVersion = 16.4;
						TestTargetID = E0F61DBC2DED96C6000DD0EC;
					};
					E0F61DD52DED96C7000DD0EC = {
						CreatedOnToolsVersion = 16.4;
						TestTargetID = E0F61DBC2DED96C6000DD0EC;
					};
				};
			};
			buildConfigurationList = E0F61DB82DED96C6000DD0EC /* Build configuration list for PBXProject "Collect" */;
			developmentRegion = en;
			hasScannedForEncodings = 0;
			knownRegions = (
				en,
				Base,
			);
			mainGroup = E0F61DB42DED96C6000DD0EC;
			minimizedProjectReferenceProxies = 1;
			preferredProjectObjectVersion = 77;
			productRefGroup = E0F61DBE2DED96C6000DD0EC /* Products */;
			projectDirPath = "";
			projectRoot = "";
			targets = (
				E0F61DBC2DED96C6000DD0EC /* Collect */,
				E0F61DCB2DED96C7000DD0EC /* CollectTests */,
				E0F61DD52DED96C7000DD0EC /* CollectUITests */,
			);
		};
/* End PBXProject section */

/* Begin PBXResourcesBuildPhase section */
		E0F61DBB2DED96C6000DD0EC /* Resources */ = {
			isa = PBXResourcesBuildPhase;
			buildActionMask = 2147483647;
			files = (
			);
			runOnlyForDeploymentPostprocessing = 0;
		};
		E0F61DCA2DED96C7000DD0EC /* Resources */ = {
			isa = PBXResourcesBuildPhase;
			buildActionMask = 2147483647;
			files = (
			);
			runOnlyForDeploymentPostprocessing = 0;
		};
		E0F61DD42DED96C7000DD0EC /* Resources */ = {
			isa = PBXResourcesBuildPhase;
			buildActionMask = 2147483647;
			files = (
			);
			runOnlyForDeploymentPostprocessing = 0;
		};
/* End PBXResourcesBuildPhase section */

/* Begin PBXSourcesBuildPhase section */
		E0F61DB92DED96C6000DD0EC /* Sources */ = {
			isa = PBXSourcesBuildPhase;
			buildActionMask = 2147483647;
			files = (
			);
			runOnlyForDeploymentPostprocessing = 0;
		};
		E0F61DC82DED96C7000DD0EC /* Sources */ = {
			isa = PBXSourcesBuildPhase;
			buildActionMask = 2147483647;
			files = (
			);
			runOnlyForDeploymentPostprocessing = 0;
		};
		E0F61DD22DED96C7000DD0EC /* Sources */ = {
			isa = PBXSourcesBuildPhase;
			buildActionMask = 2147483647;
			files = (
			);
			runOnlyForDeploymentPostprocessing = 0;
		};
/* End PBXSourcesBuildPhase section */

/* Begin PBXTargetDependency section */
		E0F61DCE2DED96C7000DD0EC /* PBXTargetDependency */ = {
			isa = PBXTargetDependency;
			target = E0F61DBC2DED96C6000DD0EC /* Collect */;
			targetProxy = E0F61DCD2DED96C7000DD0EC /* PBXContainerItemProxy */;
		};
		E0F61DD82DED96C7000DD0EC /* PBXTargetDependency */ = {
			isa = PBXTargetDependency;
			target = E0F61DBC2DED96C6000DD0EC /* Collect */;
			targetProxy = E0F61DD72DED96C7000DD0EC /* PBXContainerItemProxy */;
		};
/* End PBXTargetDependency section */

/* Begin XCBuildConfiguration section */
		E0F61DDE2DED96C7000DD0EC /* Debug */ = {
			isa = XCBuildConfiguration;
			buildSettings = {
				ALWAYS_SEARCH_USER_PATHS = NO;
				ASSETCATALOG_COMPILER_GENERATE_SWIFT_ASSET_SYMBOL_EXTENSIONS = YES;
				CLANG_ANALYZER_NONNULL = YES;
				CLANG_ANALYZER_NUMBER_OBJECT_CONVERSION = YES_AGGRESSIVE;
				CLANG_CXX_LANGUAGE_STANDARD = "gnu++20";
				CLANG_ENABLE_MODULES = YES;
				CLANG_ENABLE_OBJC_ARC = YES;
				CLANG_ENABLE_OBJC_WEAK = YES;
				CLANG_WARN_BLOCK_CAPTURE_AUTORELEASING = YES;
				CLANG_WARN_BOOL_CONVERSION = YES;
				CLANG_WARN_COMMA = YES;
				CLANG_WARN_CONSTANT_CONVERSION = YES;
				CLANG_WARN_DEPRECATED_OBJC_IMPLEMENTATIONS = YES;
				CLANG_WARN_DIRECT_OBJC_ISA_USAGE = YES_ERROR;
				CLANG_WARN_DOCUMENTATION_COMMENTS = YES;
				CLANG_WARN_EMPTY_BODY = YES;
				CLANG_WARN_ENUM_CONVERSION = YES;
				CLANG_WARN_INFINITE_RECURSION = YES;
				CLANG_WARN_INT_CONVERSION = YES;
				CLANG_WARN_NON_LITERAL_NULL_CONVERSION = YES;
				CLANG_WARN_OBJC_IMPLICIT_RETAIN_SELF = YES;
				CLANG_WARN_OBJC_LITERAL_CONVERSION = YES;
				CLANG_WARN_OBJC_ROOT_CLASS = YES_ERROR;
				CLANG_WARN_QUOTED_INCLUDE_IN_FRAMEWORK_HEADER = YES;
				CLANG_WARN_RANGE_LOOP_ANALYSIS = YES;
				CLANG_WARN_STRICT_PROTOTYPES = YES;
				CLANG_WARN_SUSPICIOUS_MOVE = YES;
				CLANG_WARN_UNGUARDED_AVAILABILITY = YES_AGGRESSIVE;
				CLANG_WARN_UNREACHABLE_CODE = YES;
				CLANG_WARN__DUPLICATE_METHOD_MATCH = YES;
				COPY_PHASE_STRIP = NO;
				DEBUG_INFORMATION_FORMAT = dwarf;
				DEVELOPMENT_TEAM = WSLZF323DU;
				ENABLE_STRICT_OBJC_MSGSEND = YES;
				ENABLE_TESTABILITY = YES;
				ENABLE_USER_SCRIPT_SANDBOXING = YES;
				GCC_C_LANGUAGE_STANDARD = gnu17;
				GCC_DYNAMIC_NO_PIC = NO;
				GCC_NO_COMMON_BLOCKS = YES;
				GCC_OPTIMIZATION_LEVEL = 0;
				GCC_PREPROCESSOR_DEFINITIONS = (
					"DEBUG=1",
					"$(inherited)",
				);
				GCC_WARN_64_TO_32_BIT_CONVERSION = YES;
				GCC_WARN_ABOUT_RETURN_TYPE = YES_ERROR;
				GCC_WARN_UNDECLARED_SELECTOR = YES;
				GCC_WARN_UNINITIALIZED_AUTOS = YES_AGGRESSIVE;
				GCC_WARN_UNUSED_FUNCTION = YES;
				GCC_WARN_UNUSED_VARIABLE = YES;
				IPHONEOS_DEPLOYMENT_TARGET = 18.5;
				LOCALIZATION_PREFERS_STRING_CATALOGS = YES;
				MTL_ENABLE_DEBUG_INFO = INCLUDE_SOURCE;
				MTL_FAST_MATH = YES;
				ONLY_ACTIVE_ARCH = YES;
				SDKROOT = iphoneos;
				SWIFT_ACTIVE_COMPILATION_CONDITIONS = "DEBUG $(inherited)";
				SWIFT_OPTIMIZATION_LEVEL = "-Onone";
			};
			name = Debug;
		};
		E0F61DDF2DED96C7000DD0EC /* Release */ = {
			isa = XCBuildConfiguration;
			buildSettings = {
				ALWAYS_SEARCH_USER_PATHS = NO;
				ASSETCATALOG_COMPILER_GENERATE_SWIFT_ASSET_SYMBOL_EXTENSIONS = YES;
				CLANG_ANALYZER_NONNULL = YES;
				CLANG_ANALYZER_NUMBER_OBJECT_CONVERSION = YES_AGGRESSIVE;
				CLANG_CXX_LANGUAGE_STANDARD = "gnu++20";
				CLANG_ENABLE_MODULES = YES;
				CLANG_ENABLE_OBJC_ARC = YES;
				CLANG_ENABLE_OBJC_WEAK = YES;
				CLANG_WARN_BLOCK_CAPTURE_AUTORELEASING = YES;
				CLANG_WARN_BOOL_CONVERSION = YES;
				CLANG_WARN_COMMA = YES;
				CLANG_WARN_CONSTANT_CONVERSION = YES;
				CLANG_WARN_DEPRECATED_OBJC_IMPLEMENTATIONS = YES;
				CLANG_WARN_DIRECT_OBJC_ISA_USAGE = YES_ERROR;
				CLANG_WARN_DOCUMENTATION_COMMENTS = YES;
				CLANG_WARN_EMPTY_BODY = YES;
				CLANG_WARN_ENUM_CONVERSION = YES;
				CLANG_WARN_INFINITE_RECURSION = YES;
				CLANG_WARN_INT_CONVERSION = YES;
				CLANG_WARN_NON_LITERAL_NULL_CONVERSION = YES;
				CLANG_WARN_OBJC_IMPLICIT_RETAIN_SELF = YES;
				CLANG_WARN_OBJC_LITERAL_CONVERSION = YES;
				CLANG_WARN_OBJC_ROOT_CLASS = YES_ERROR;
				CLANG_WARN_QUOTED_INCLUDE_IN_FRAMEWORK_HEADER = YES;
				CLANG_WARN_RANGE_LOOP_ANALYSIS = YES;
				CLANG_WARN_STRICT_PROTOTYPES = YES;
				CLANG_WARN_SUSPICIOUS_MOVE = YES;
				CLANG_WARN_UNGUARDED_AVAILABILITY = YES_AGGRESSIVE;
				CLANG_WARN_UNREACHABLE_CODE = YES;
				CLANG_WARN__DUPLICATE_METHOD_MATCH = YES;
				COPY_PHASE_STRIP = NO;
				DEBUG_INFORMATION_FORMAT = "dwarf-with-dsym";
				DEVELOPMENT_TEAM = WSLZF323DU;
				ENABLE_NS_ASSERTIONS = NO;
				ENABLE_STRICT_OBJC_MSGSEND = YES;
				ENABLE_USER_SCRIPT_SANDBOXING = YES;
				GCC_C_LANGUAGE_STANDARD = gnu17;
				GCC_NO_COMMON_BLOCKS = YES;
				GCC_WARN_64_TO_32_BIT_CONVERSION = YES;
				GCC_WARN_ABOUT_RETURN_TYPE = YES_ERROR;
				GCC_WARN_UNDECLARED_SELECTOR = YES;
				GCC_WARN_UNINITIALIZED_AUTOS = YES_AGGRESSIVE;
				GCC_WARN_UNUSED_FUNCTION = YES;
				GCC_WARN_UNUSED_VARIABLE = YES;
				IPHONEOS_DEPLOYMENT_TARGET = 18.5;
				LOCALIZATION_PREFERS_STRING_CATALOGS = YES;
				MTL_ENABLE_DEBUG_INFO = NO;
				MTL_FAST_MATH = YES;
				SDKROOT = iphoneos;
				SWIFT_COMPILATION_MODE = wholemodule;
				VALIDATE_PRODUCT = YES;
			};
			name = Release;
		};
		E0F61DE12DED96C7000DD0EC /* Debug */ = {
			isa = XCBuildConfiguration;
			buildSettings = {
				ASSETCATALOG_COMPILER_APPICON_NAME = AppIcon;
				ASSETCATALOG_COMPILER_GLOBAL_ACCENT_COLOR_NAME = AccentColor;
				CODE_SIGN_STYLE = Automatic;
				CURRENT_PROJECT_VERSION = 1;
				DEVELOPMENT_TEAM = WSLZF323DU;
				ENABLE_PREVIEWS = YES;
				GENERATE_INFOPLIST_FILE = YES;
				INFOPLIST_FILE = Collect/Info.plist;
				INFOPLIST_KEY_CFBundleDisplayName = Collect;
				INFOPLIST_KEY_NSFaceIDUsageDescription = "This app uses Face ID to unlock protected folders.";
				INFOPLIST_KEY_UIApplicationSceneManifest_Generation = YES;
				INFOPLIST_KEY_UIApplicationSupportsIndirectInputEvents = YES;
				INFOPLIST_KEY_UILaunchScreen_Generation = YES;
				INFOPLIST_KEY_UISupportedInterfaceOrientations_iPad = "UIInterfaceOrientationPortrait UIInterfaceOrientationPortraitUpsideDown UIInterfaceOrientationLandscapeLeft UIInterfaceOrientationLandscapeRight";
				INFOPLIST_KEY_UISupportedInterfaceOrientations_iPhone = "UIInterfaceOrientationPortrait UIInterfaceOrientationLandscapeLeft UIInterfaceOrientationLandscapeRight";
				LD_RUNPATH_SEARCH_PATHS = (
					"$(inherited)",
					"@executable_path/Frameworks",
				);
				MARKETING_VERSION = 1.0;
				PRODUCT_BUNDLE_IDENTIFIER = NS.Collect;
				PRODUCT_NAME = "$(TARGET_NAME)";
				SWIFT_EMIT_LOC_STRINGS = YES;
				SWIFT_VERSION = 5.0;
				TARGETED_DEVICE_FAMILY = "1,2";
			};
			name = Debug;
		};
		E0F61DE22DED96C7000DD0EC /* Release */ = {
			isa = XCBuildConfiguration;
			buildSettings = {
				ASSETCATALOG_COMPILER_APPICON_NAME = AppIcon;
				ASSETCATALOG_COMPILER_GLOBAL_ACCENT_COLOR_NAME = AccentColor;
				CODE_SIGN_STYLE = Automatic;
				CURRENT_PROJECT_VERSION = 1;
				DEVELOPMENT_TEAM = WSLZF323DU;
				ENABLE_PREVIEWS = YES;
				GENERATE_INFOPLIST_FILE = YES;
				INFOPLIST_FILE = Collect/Info.plist;
				INFOPLIST_KEY_CFBundleDisplayName = Collect;
				INFOPLIST_KEY_NSFaceIDUsageDescription = "This app uses Face ID to unlock protected folders.";
				INFOPLIST_KEY_UIApplicationSceneManifest_Generation = YES;
				INFOPLIST_KEY_UIApplicationSupportsIndirectInputEvents = YES;
				INFOPLIST_KEY_UILaunchScreen_Generation = YES;
				INFOPLIST_KEY_UISupportedInterfaceOrientations_iPad = "UIInterfaceOrientationPortrait UIInterfaceOrientationPortraitUpsideDown UIInterfaceOrientationLandscapeLeft UIInterfaceOrientationLandscapeRight";
				INFOPLIST_KEY_UISupportedInterfaceOrientations_iPhone = "UIInterfaceOrientationPortrait UIInterfaceOrientationLandscapeLeft UIInterfaceOrientationLandscapeRight";
				LD_RUNPATH_SEARCH_PATHS = (
					"$(inherited)",
					"@executable_path/Frameworks",
				);
				MARKETING_VERSION = 1.0;
				PRODUCT_BUNDLE_IDENTIFIER = NS.Collect;
				PRODUCT_NAME = "$(TARGET_NAME)";
				SWIFT_EMIT_LOC_STRINGS = YES;
				SWIFT_VERSION = 5.0;
				TARGETED_DEVICE_FAMILY = "1,2";
			};
			name = Release;
		};
		E0F61DE42DED96C7000DD0EC /* Debug */ = {
			isa = XCBuildConfiguration;
			buildSettings = {
				BUNDLE_LOADER = "$(TEST_HOST)";
				CODE_SIGN_STYLE = Automatic;
				CURRENT_PROJECT_VERSION = 1;
				DEVELOPMENT_TEAM = WSLZF323DU;
				GENERATE_INFOPLIST_FILE = YES;
				IPHONEOS_DEPLOYMENT_TARGET = 18.5;
				MARKETING_VERSION = 1.0;
				PRODUCT_BUNDLE_IDENTIFIER = NS.CollectTests;
				PRODUCT_NAME = "$(TARGET_NAME)";
				SWIFT_EMIT_LOC_STRINGS = NO;
				SWIFT_VERSION = 5.0;
				TARGETED_DEVICE_FAMILY = "1,2";
				TEST_HOST = "$(BUILT_PRODUCTS_DIR)/Collect.app/$(BUNDLE_EXECUTABLE_FOLDER_PATH)/Collect";
			};
			name = Debug;
		};
		E0F61DE52DED96C7000DD0EC /* Release */ = {
			isa = XCBuildConfiguration;
			buildSettings = {
				BUNDLE_LOADER = "$(TEST_HOST)";
				CODE_SIGN_STYLE = Automatic;
				CURRENT_PROJECT_VERSION = 1;
				DEVELOPMENT_TEAM = WSLZF323DU;
				GENERATE_INFOPLIST_FILE = YES;
				IPHONEOS_DEPLOYMENT_TARGET = 18.5;
				MARKETING_VERSION = 1.0;
				PRODUCT_BUNDLE_IDENTIFIER = NS.CollectTests;
				PRODUCT_NAME = "$(TARGET_NAME)";
				SWIFT_EMIT_LOC_STRINGS = NO;
				SWIFT_VERSION = 5.0;
				TARGETED_DEVICE_FAMILY = "1,2";
				TEST_HOST = "$(BUILT_PRODUCTS_DIR)/Collect.app/$(BUNDLE_EXECUTABLE_FOLDER_PATH)/Collect";
			};
			name = Release;
		};
		E0F61DE72DED96C7000DD0EC /* Debug */ = {
			isa = XCBuildConfiguration;
			buildSettings = {
				CODE_SIGN_STYLE = Automatic;
				CURRENT_PROJECT_VERSION = 1;
				DEVELOPMENT_TEAM = WSLZF323DU;
				GENERATE_INFOPLIST_FILE = YES;
				MARKETING_VERSION = 1.0;
				PRODUCT_BUNDLE_IDENTIFIER = NS.CollectUITests;
				PRODUCT_NAME = "$(TARGET_NAME)";
				SWIFT_EMIT_LOC_STRINGS = NO;
				SWIFT_VERSION = 5.0;
				TARGETED_DEVICE_FAMILY = "1,2";
				TEST_TARGET_NAME = Collect;
			};
			name = Debug;
		};
		E0F61DE82DED96C7000DD0EC /* Release */ = {
			isa = XCBuildConfiguration;
			buildSettings = {
				CODE_SIGN_STYLE = Automatic;
				CURRENT_PROJECT_VERSION = 1;
				DEVELOPMENT_TEAM = WSLZF323DU;
				GENERATE_INFOPLIST_FILE = YES;
				MARKETING_VERSION = 1.0;
				PRODUCT_BUNDLE_IDENTIFIER = NS.CollectUITests;
				PRODUCT_NAME = "$(TARGET_NAME)";
				SWIFT_EMIT_LOC_STRINGS = NO;
				SWIFT_VERSION = 5.0;
				TARGETED_DEVICE_FAMILY = "1,2";
				TEST_TARGET_NAME = Collect;
			};
			name = Release;
		};
/* End XCBuildConfiguration section */

/* Begin XCConfigurationList section */
		E0F61DB82DED96C6000DD0EC /* Build configuration list for PBXProject "Collect" */ = {
			isa = XCConfigurationList;
			buildConfigurations = (
				E0F61DDE2DED96C7000DD0EC /* Debug */,
				E0F61DDF2DED96C7000DD0EC /* Release */,
			);
			defaultConfigurationIsVisible = 0;
			defaultConfigurationName = Release;
		};
		E0F61DE02DED96C7000DD0EC /* Build configuration list for PBXNativeTarget "Collect" */ = {
			isa = XCConfigurationList;
			buildConfigurations = (
				E0F61DE12DED96C7000DD0EC /* Debug */,
				E0F61DE22DED96C7000DD0EC /* Release */,
			);
			defaultConfigurationIsVisible = 0;
			defaultConfigurationName = Release;
		};
		E0F61DE32DED96C7000DD0EC /* Build configuration list for PBXNativeTarget "CollectTests" */ = {
			isa = XCConfigurationList;
			buildConfigurations = (
				E0F61DE42DED96C7000DD0EC /* Debug */,
				E0F61DE52DED96C7000DD0EC /* Release */,
			);
			defaultConfigurationIsVisible = 0;
			defaultConfigurationName = Release;
		};
		E0F61DE62DED96C7000DD0EC /* Build configuration list for PBXNativeTarget "CollectUITests" */ = {
			isa = XCConfigurationList;
			buildConfigurations = (
				E0F61DE72DED96C7000DD0EC /* Debug */,
				E0F61DE82DED96C7000DD0EC /* Release */,
			);
			defaultConfigurationIsVisible = 0;
			defaultConfigurationName = Release;
		};
/* End XCConfigurationList section */
	};
	rootObject = E0F61DB52DED96C6000DD0EC /* Project object */;
}
